
Microsoft Visual Studio Solution File, Format Version 12.00
# Visual Studio Version 17
VisualStudioVersion = 17.7.34202.233
MinimumVisualStudioVersion = 10.0.40219.1
Project("{2150E333-8FDC-42A3-9474-1A3956D46DE8}") = "Solution Items", "Solution Items", "{C2E83B57-C8BF-418E-AF49-26B47CF56714}"
	ProjectSection(SolutionItems) = preProject
		.editorconfig = .editorconfig
	EndProjectSection
EndProject
Project("{9A19103F-16F7-4668-BE54-9A1E7A4F7556}") = "Pezeshkafzar_v2", "Pez\Pezeshkafzar_v2.csproj", "{38237C56-A9ED-402C-AB53-0FD432994B23}"
EndProject
Project("{FAE04EC0-301F-11D3-BF4B-00C04F79EFBC}") = "DataLayer", "DataLayer\DataLayer.csproj", "{832C3BDF-6E60-4650-AE1F-C7DCAFE63EB5}"
EndProject
Global
	GlobalSection(SolutionConfigurationPlatforms) = preSolution
		Debug|Any CPU = Debug|Any CPU
		Release|Any CPU = Release|Any CPU
	EndGlobalSection
	GlobalSection(ProjectConfigurationPlatforms) = postSolution
		{38237C56-A9ED-402C-AB53-0FD432994B23}.Debug|Any CPU.ActiveCfg = Debug|Any CPU
		{38237C56-A9ED-402C-AB53-0FD432994B23}.Debug|Any CPU.Build.0 = Debug|Any CPU
		{38237C56-A9ED-402C-AB53-0FD432994B23}.Release|Any CPU.ActiveCfg = Release|Any CPU
		{38237C56-A9ED-402C-AB53-0FD432994B23}.Release|Any CPU.Build.0 = Release|Any CPU
		{832C3BDF-6E60-4650-AE1F-C7DCAFE63EB5}.Debug|Any CPU.ActiveCfg = Debug|Any CPU
		{832C3BDF-6E60-4650-AE1F-C7DCAFE63EB5}.Debug|Any CPU.Build.0 = Debug|Any CPU
		{832C3BDF-6E60-4650-AE1F-C7DCAFE63EB5}.Release|Any CPU.ActiveCfg = Release|Any CPU
		{832C3BDF-6E60-4650-AE1F-C7DCAFE63EB5}.Release|Any CPU.Build.0 = Release|Any CPU
	EndGlobalSection
	GlobalSection(SolutionProperties) = preSolution
		HideSolutionNode = FALSE
	EndGlobalSection
	GlobalSection(ExtensibilityGlobals) = postSolution
		SolutionGuid = {52198A71-4167-4003-A2A8-C813A54E41B8}
	EndGlobalSection
EndGlobal
